
Microsoft Visual Studio Solution File, Format Version 12.00
# Visual Studio Version 17
VisualStudioVersion = 17.5.002.0
MinimumVisualStudioVersion = 10.0.40219.1
Project("{9A19103F-16F7-4668-BE54-9A1E7A4F7556}") = "PokeApp", "PokeApp.csproj", "{8608E563-541A-4A81-A28A-3F166F9DE096}"
EndProject
Global
	GlobalSection(SolutionConfigurationPlatforms) = preSolution
		Debug|Any CPU = Debug|Any CPU
		Release|Any CPU = Release|Any CPU
	EndGlobalSection
	GlobalSection(ProjectConfigurationPlatforms) = postSolution
		{8608E563-541A-4A81-A28A-3F166F9DE096}.Debug|Any CPU.ActiveCfg = Debug|Any CPU
		{8608E563-541A-4A81-A28A-3F166F9DE096}.Debug|Any CPU.Build.0 = Debug|Any CPU
		{8608E563-541A-4A81-A28A-3F166F9DE096}.Release|Any CPU.ActiveCfg = Release|Any CPU
		{8608E563-541A-4A81-A28A-3F166F9DE096}.Release|Any CPU.Build.0 = Release|Any CPU
	EndGlobalSection
	GlobalSection(SolutionProperties) = preSolution
		HideSolutionNode = FALSE
	EndGlobalSection
	GlobalSection(ExtensibilityGlobals) = postSolution
		SolutionGuid = {64504973-BC86-4B15-BFAB-969B46043BB8}
	EndGlobalSection
EndGlobal
